// !$*UTF8*$!
{
	archiveVersion = 1;
	classes = {
	};
	objectVersion = 56;
	objects = {

/* Begin PBXBuildFile section */
		1C01B75D2ACF4AAC00B820DA /* ShortBreakView.swift in Sources */ = {isa = PBXBuildFile; fileRef = 1C01B75C2ACF4AAC00B820DA /* ShortBreakView.swift */; };
		1C01B75F2ACF4B8100B820DA /* LongBreakView.swift in Sources */ = {isa = PBXBuildFile; fileRef = 1C01B75E2ACF4B8100B820DA /* LongBreakView.swift */; };
		1C137C142AC87E9C00A7333D /* Pomodoro_TimerApp.swift in Sources */ = {isa = PBXBuildFile; fileRef = 1C137C132AC87E9C00A7333D /* Pomodoro_TimerApp.swift */; };
		1C137C182AC87E9D00A7333D /* Assets.xcassets in Resources */ = {isa = PBXBuildFile; fileRef = 1C137C172AC87E9D00A7333D /* Assets.xcassets */; };
		1C137C1B2AC87E9D00A7333D /* Preview Assets.xcassets in Resources */ = {isa = PBXBuildFile; fileRef = 1C137C1A2AC87E9D00A7333D /* Preview Assets.xcassets */; };
		1C137C262AC8B8D000A7333D /* CircularProgressBar.swift in Sources */ = {isa = PBXBuildFile; fileRef = 1C137C252AC8B8D000A7333D /* CircularProgressBar.swift */; };
		1C137C2A2AC8F95300A7333D /* PomodoroView.swift in Sources */ = {isa = PBXBuildFile; fileRef = 1C137C292AC8F95300A7333D /* PomodoroView.swift */; };
		1C137C2C2AC8F9B200A7333D /* ContentView.swift in Sources */ = {isa = PBXBuildFile; fileRef = 1C137C2B2AC8F9B200A7333D /* ContentView.swift */; };
		1CE65E462AD9CC1100A3FF61 /* SplashView.swift in Sources */ = {isa = PBXBuildFile; fileRef = 1CE65E452AD9CC1100A3FF61 /* SplashView.swift */; };
		1CE9AB0D2B67A6FE0002642C /* sound.mp3 in Resources */ = {isa = PBXBuildFile; fileRef = 1CE9AB0C2B67A6FE0002642C /* sound.mp3 */; };
		1CFBFEA12AD19A56007035A0 /* StatusBarView.swift in Sources */ = {isa = PBXBuildFile; fileRef = 1CFBFEA02AD19A56007035A0 /* StatusBarView.swift */; };
/* End PBXBuildFile section */

/* Begin PBXFileReference section */
		1C01B75C2ACF4AAC00B820DA /* ShortBreakView.swift */ = {isa = PBXFileReference; lastKnownFileType = sourcecode.swift; path = ShortBreakView.swift; sourceTree = "<group>"; };
		1C01B75E2ACF4B8100B820DA /* LongBreakView.swift */ = {isa = PBXFileReference; lastKnownFileType = sourcecode.swift; path = LongBreakView.swift; sourceTree = "<group>"; };
		1C137C102AC87E9C00A7333D /* Pomodoro Timer.app */ = {isa = PBXFileReference; explicitFileType = wrapper.application; includeInIndex = 0; path = "Pomodoro Timer.app"; sourceTree = BUILT_PRODUCTS_DIR; };
		1C137C132AC87E9C00A7333D /* Pomodoro_TimerApp.swift */ = {isa = PBXFileReference; lastKnownFileType = sourcecode.swift; path = Pomodoro_TimerApp.swift; sourceTree = "<group>"; };
		1C137C172AC87E9D00A7333D /* Assets.xcassets */ = {isa = PBXFileReference; lastKnownFileType = folder.assetcatalog; path = Assets.xcassets; sourceTree = "<group>"; };
		1C137C1A2AC87E9D00A7333D /* Preview Assets.xcassets */ = {isa = PBXFileReference; lastKnownFileType = folder.assetcatalog; path = "Preview Assets.xcassets"; sourceTree = "<group>"; };
		1C137C252AC8B8D000A7333D /* CircularProgressBar.swift */ = {isa = PBXFileReference; lastKnownFileType = sourcecode.swift; path = CircularProgressBar.swift; sourceTree = "<group>"; };
		1C137C292AC8F95300A7333D /* PomodoroView.swift */ = {isa = PBXFileReference; fileEncoding = 4; lastKnownFileType = sourcecode.swift; path = PomodoroView.swift; sourceTree = "<group>"; };
		1C137C2B2AC8F9B200A7333D /* ContentView.swift */ = {isa = PBXFileReference; lastKnownFileType = sourcecode.swift; path = ContentView.swift; sourceTree = "<group>"; };
		1C717E1A2AD716FB001333EA /* Pomodoro-Timer-Info.plist */ = {isa = PBXFileReference; lastKnownFileType = text.plist.xml; path = "Pomodoro-Timer-Info.plist"; sourceTree = SOURCE_ROOT; };
		1CE65E452AD9CC1100A3FF61 /* SplashView.swift */ = {isa = PBXFileReference; lastKnownFileType = sourcecode.swift; path = SplashView.swift; sourceTree = "<group>"; };
		1CE9AB0C2B67A6FE0002642C /* sound.mp3 */ = {isa = PBXFileReference; lastKnownFileType = audio.mp3; path = sound.mp3; sourceTree = "<group>"; };
		1CFBFEA02AD19A56007035A0 /* StatusBarView.swift */ = {isa = PBXFileReference; fileEncoding = 4; lastKnownFileType = sourcecode.swift; path = StatusBarView.swift; sourceTree = "<group>"; };
/* End PBXFileReference section */

/* Begin PBXFrameworksBuildPhase section */
		1C137C0D2AC87E9C00A7333D /* Frameworks */ = {
			isa = PBXFrameworksBuildPhase;
			buildActionMask = 2147483647;
			files = (
			);
			runOnlyForDeploymentPostprocessing = 0;
		};
/* End PBXFrameworksBuildPhase section */

/* Begin PBXGroup section */
		1C137C072AC87E9C00A7333D = {
			isa = PBXGroup;
			children = (
				1C137C122AC87E9C00A7333D /* Pomodoro Timer */,
				1C717E1A2AD716FB001333EA /* Pomodoro-Timer-Info.plist */,
				1C137C112AC87E9C00A7333D /* Products */,
			);
			sourceTree = "<group>";
		};
		1C137C112AC87E9C00A7333D /* Products */ = {
			isa = PBXGroup;
			children = (
				1C137C102AC87E9C00A7333D /* Pomodoro Timer.app */,
			);
			name = Products;
			sourceTree = "<group>";
		};
		1C137C122AC87E9C00A7333D /* Pomodoro Timer */ = {
			isa = PBXGroup;
			children = (
				1C137C132AC87E9C00A7333D /* Pomodoro_TimerApp.swift */,
				1C717E192AD6FACF001333EA /* Views */,
				1C137C2B2AC8F9B200A7333D /* ContentView.swift */,
				1CFBFEA02AD19A56007035A0 /* StatusBarView.swift */,
				1CE65E452AD9CC1100A3FF61 /* SplashView.swift */,
				1C137C252AC8B8D000A7333D /* CircularProgressBar.swift */,
				1C137C172AC87E9D00A7333D /* Assets.xcassets */,
				1CE9AB0C2B67A6FE0002642C /* sound.mp3 */,
				1C137C192AC87E9D00A7333D /* Preview Content */,
			);
			path = "Pomodoro Timer";
			sourceTree = "<group>";
		};
		1C137C192AC87E9D00A7333D /* Preview Content */ = {
			isa = PBXGroup;
			children = (
				1C137C1A2AC87E9D00A7333D /* Preview Assets.xcassets */,
			);
			path = "Preview Content";
			sourceTree = "<group>";
		};
		1C717E192AD6FACF001333EA /* Views */ = {
			isa = PBXGroup;
			children = (
				1C137C292AC8F95300A7333D /* PomodoroView.swift */,
				1C01B75C2ACF4AAC00B820DA /* ShortBreakView.swift */,
				1C01B75E2ACF4B8100B820DA /* LongBreakView.swift */,
			);
			path = Views;
			sourceTree = "<group>";
		};
/* End PBXGroup section */

/* Begin PBXNativeTarget section */
		1C137C0F2AC87E9C00A7333D /* Pomodoro Timer */ = {
			isa = PBXNativeTarget;
			buildConfigurationList = 1C137C1E2AC87E9D00A7333D /* Build configuration list for PBXNativeTarget "Pomodoro Timer" */;
			buildPhases = (
				1C137C0C2AC87E9C00A7333D /* Sources */,
				1C137C0D2AC87E9C00A7333D /* Frameworks */,
				1C137C0E2AC87E9C00A7333D /* Resources */,
			);
			buildRules = (
			);
			dependencies = (
			);
			name = "Pomodoro Timer";
			packageProductDependencies = (
			);
			productName = "Pomodoro Timer";
			productReference = 1C137C102AC87E9C00A7333D /* Pomodoro Timer.app */;
			productType = "com.apple.product-type.application";
		};
/* End PBXNativeTarget section */

/* Begin PBXProject section */
		1C137C082AC87E9C00A7333D /* Project object */ = {
			isa = PBXProject;
			attributes = {
				BuildIndependentTargetsInParallel = 1;
				LastSwiftUpdateCheck = 1500;
				LastUpgradeCheck = 1500;
				TargetAttributes = {
					1C137C0F2AC87E9C00A7333D = {
						CreatedOnToolsVersion = 15.0;
					};
				};
			};
			buildConfigurationList = 1C137C0B2AC87E9C00A7333D /* Build configuration list for PBXProject "Pomodoro Timer" */;
			compatibilityVersion = "Xcode 14.0";
			developmentRegion = en;
			hasScannedForEncodings = 0;
			knownRegions = (
				en,
				Base,
			);
			mainGroup = 1C137C072AC87E9C00A7333D;
			packageReferences = (
			);
			productRefGroup = 1C137C112AC87E9C00A7333D /* Products */;
			projectDirPath = "";
			projectRoot = "";
			targets = (
				1C137C0F2AC87E9C00A7333D /* Pomodoro Timer */,
			);
		};
/* End PBXProject section */

/* Begin PBXResourcesBuildPhase section */
		1C137C0E2AC87E9C00A7333D /* Resources */ = {
			isa = PBXResourcesBuildPhase;
			buildActionMask = 2147483647;
			files = (
				1CE9AB0D2B67A6FE0002642C /* sound.mp3 in Resources */,
				1C137C1B2AC87E9D00A7333D /* Preview Assets.xcassets in Resources */,
				1C137C182AC87E9D00A7333D /* Assets.xcassets in Resources */,
			);
			runOnlyForDeploymentPostprocessing = 0;
		};
/* End PBXResourcesBuildPhase section */

/* Begin PBXSourcesBuildPhase section */
		1C137C0C2AC87E9C00A7333D /* Sources */ = {
			isa = PBXSourcesBuildPhase;
			buildActionMask = 2147483647;
			files = (
				1C01B75D2ACF4AAC00B820DA /* ShortBreakView.swift in Sources */,
				1C137C2A2AC8F95300A7333D /* PomodoroView.swift in Sources */,
				1C137C2C2AC8F9B200A7333D /* ContentView.swift in Sources */,
				1CFBFEA12AD19A56007035A0 /* StatusBarView.swift in Sources */,
				1C137C142AC87E9C00A7333D /* Pomodoro_TimerApp.swift in Sources */,
				1C01B75F2ACF4B8100B820DA /* LongBreakView.swift in Sources */,
				1CE65E462AD9CC1100A3FF61 /* SplashView.swift in Sources */,
				1C137C262AC8B8D000A7333D /* CircularProgressBar.swift in Sources */,
			);
			runOnlyForDeploymentPostprocessing = 0;
		};
/* End PBXSourcesBuildPhase section */

/* Begin XCBuildConfiguration section */
		1C137C1C2AC87E9D00A7333D /* Debug */ = {
			isa = XCBuildConfiguration;
			buildSettings = {
				ALWAYS_SEARCH_USER_PATHS = NO;
				ASSETCATALOG_COMPILER_GENERATE_SWIFT_ASSET_SYMBOL_EXTENSIONS = YES;
				CLANG_ANALYZER_NONNULL = YES;
				CLANG_ANALYZER_NUMBER_OBJECT_CONVERSION = YES_AGGRESSIVE;
				CLANG_CXX_LANGUAGE_STANDARD = "gnu++20";
				CLANG_ENABLE_MODULES = YES;
				CLANG_ENABLE_OBJC_ARC = YES;
				CLANG_ENABLE_OBJC_WEAK = YES;
				CLANG_WARN_BLOCK_CAPTURE_AUTORELEASING = YES;
				CLANG_WARN_BOOL_CONVERSION = YES;
				CLANG_WARN_COMMA = YES;
				CLANG_WARN_CONSTANT_CONVERSION = YES;
				CLANG_WARN_DEPRECATED_OBJC_IMPLEMENTATIONS = YES;
				CLANG_WARN_DIRECT_OBJC_ISA_USAGE = YES_ERROR;
				CLANG_WARN_DOCUMENTATION_COMMENTS = YES;
				CLANG_WARN_EMPTY_BODY = YES;
				CLANG_WARN_ENUM_CONVERSION = YES;
				CLANG_WARN_INFINITE_RECURSION = YES;
				CLANG_WARN_INT_CONVERSION = YES;
				CLANG_WARN_NON_LITERAL_NULL_CONVERSION = YES;
				CLANG_WARN_OBJC_IMPLICIT_RETAIN_SELF = YES;
				CLANG_WARN_OBJC_LITERAL_CONVERSION = YES;
				CLANG_WARN_OBJC_ROOT_CLASS = YES_ERROR;
				CLANG_WARN_QUOTED_INCLUDE_IN_FRAMEWORK_HEADER = YES;
				CLANG_WARN_RANGE_LOOP_ANALYSIS = YES;
				CLANG_WARN_STRICT_PROTOTYPES = YES;
				CLANG_WARN_SUSPICIOUS_MOVE = YES;
				CLANG_WARN_UNGUARDED_AVAILABILITY = YES_AGGRESSIVE;
				CLANG_WARN_UNREACHABLE_CODE = YES;
				CLANG_WARN__DUPLICATE_METHOD_MATCH = YES;
				COPY_PHASE_STRIP = NO;
				DEBUG_INFORMATION_FORMAT = dwarf;
				ENABLE_STRICT_OBJC_MSGSEND = YES;
				ENABLE_TESTABILITY = YES;
				ENABLE_USER_SCRIPT_SANDBOXING = YES;
				GCC_C_LANGUAGE_STANDARD = gnu17;
				GCC_DYNAMIC_NO_PIC = NO;
				GCC_NO_COMMON_BLOCKS = YES;
				GCC_OPTIMIZATION_LEVEL = 0;
				GCC_PREPROCESSOR_DEFINITIONS = (
					"DEBUG=1",
					"$(inherited)",
				);
				GCC_WARN_64_TO_32_BIT_CONVERSION = YES;
				GCC_WARN_ABOUT_RETURN_TYPE = YES_ERROR;
				GCC_WARN_UNDECLARED_SELECTOR = YES;
				GCC_WARN_UNINITIALIZED_AUTOS = YES_AGGRESSIVE;
				GCC_WARN_UNUSED_FUNCTION = YES;
				GCC_WARN_UNUSED_VARIABLE = YES;
				IPHONEOS_DEPLOYMENT_TARGET = 17.0;
				LOCALIZATION_PREFERS_STRING_CATALOGS = YES;
				MTL_ENABLE_DEBUG_INFO = INCLUDE_SOURCE;
				MTL_FAST_MATH = YES;
				ONLY_ACTIVE_ARCH = YES;
				SDKROOT = iphoneos;
				SWIFT_ACTIVE_COMPILATION_CONDITIONS = "DEBUG $(inherited)";
				SWIFT_OPTIMIZATION_LEVEL = "-Onone";
			};
			name = Debug;
		};
		1C137C1D2AC87E9D00A7333D /* Release */ = {
			isa = XCBuildConfiguration;
			buildSettings = {
				ALWAYS_SEARCH_USER_PATHS = NO;
				ASSETCATALOG_COMPILER_GENERATE_SWIFT_ASSET_SYMBOL_EXTENSIONS = YES;
				CLANG_ANALYZER_NONNULL = YES;
				CLANG_ANALYZER_NUMBER_OBJECT_CONVERSION = YES_AGGRESSIVE;
				CLANG_CXX_LANGUAGE_STANDARD = "gnu++20";
				CLANG_ENABLE_MODULES = YES;
				CLANG_ENABLE_OBJC_ARC = YES;
				CLANG_ENABLE_OBJC_WEAK = YES;
				CLANG_WARN_BLOCK_CAPTURE_AUTORELEASING = YES;
				CLANG_WARN_BOOL_CONVERSION = YES;
				CLANG_WARN_COMMA = YES;
				CLANG_WARN_CONSTANT_CONVERSION = YES;
				CLANG_WARN_DEPRECATED_OBJC_IMPLEMENTATIONS = YES;
				CLANG_WARN_DIRECT_OBJC_ISA_USAGE = YES_ERROR;
				CLANG_WARN_DOCUMENTATION_COMMENTS = YES;
				CLANG_WARN_EMPTY_BODY = YES;
				CLANG_WARN_ENUM_CONVERSION = YES;
				CLANG_WARN_INFINITE_RECURSION = YES;
				CLANG_WARN_INT_CONVERSION = YES;
				CLANG_WARN_NON_LITERAL_NULL_CONVERSION = YES;
				CLANG_WARN_OBJC_IMPLICIT_RETAIN_SELF = YES;
				CLANG_WARN_OBJC_LITERAL_CONVERSION = YES;
				CLANG_WARN_OBJC_ROOT_CLASS = YES_ERROR;
				CLANG_WARN_QUOTED_INCLUDE_IN_FRAMEWORK_HEADER = YES;
				CLANG_WARN_RANGE_LOOP_ANALYSIS = YES;
				CLANG_WARN_STRICT_PROTOTYPES = YES;
				CLANG_WARN_SUSPICIOUS_MOVE = YES;
				CLANG_WARN_UNGUARDED_AVAILABILITY = YES_AGGRESSIVE;
				CLANG_WARN_UNREACHABLE_CODE = YES;
				CLANG_WARN__DUPLICATE_METHOD_MATCH = YES;
				COPY_PHASE_STRIP = NO;
				DEBUG_INFORMATION_FORMAT = "dwarf-with-dsym";
				ENABLE_NS_ASSERTIONS = NO;
				ENABLE_STRICT_OBJC_MSGSEND = YES;
				ENABLE_USER_SCRIPT_SANDBOXING = YES;
				GCC_C_LANGUAGE_STANDARD = gnu17;
				GCC_NO_COMMON_BLOCKS = YES;
				GCC_WARN_64_TO_32_BIT_CONVERSION = YES;
				GCC_WARN_ABOUT_RETURN_TYPE = YES_ERROR;
				GCC_WARN_UNDECLARED_SELECTOR = YES;
				GCC_WARN_UNINITIALIZED_AUTOS = YES_AGGRESSIVE;
				GCC_WARN_UNUSED_FUNCTION = YES;
				GCC_WARN_UNUSED_VARIABLE = YES;
				IPHONEOS_DEPLOYMENT_TARGET = 17.0;
				LOCALIZATION_PREFERS_STRING_CATALOGS = YES;
				MTL_ENABLE_DEBUG_INFO = NO;
				MTL_FAST_MATH = YES;
				SDKROOT = iphoneos;
				SWIFT_COMPILATION_MODE = wholemodule;
				VALIDATE_PRODUCT = YES;
			};
			name = Release;
		};
		1C137C1F2AC87E9D00A7333D /* Debug */ = {
			isa = XCBuildConfiguration;
			buildSettings = {
				ASSETCATALOG_COMPILER_APPICON_NAME = AppIcon;
				ASSETCATALOG_COMPILER_GLOBAL_ACCENT_COLOR_NAME = AccentColor;
				CODE_SIGN_IDENTITY = "Apple Development";
				CODE_SIGN_STYLE = Automatic;
				CURRENT_PROJECT_VERSION = 1;
				DEVELOPMENT_ASSET_PATHS = "\"Pomodoro Timer/Preview Content\"";
				DEVELOPMENT_TEAM = GR7YG9NN38;
				ENABLE_PREVIEWS = YES;
				GENERATE_INFOPLIST_FILE = YES;
				INFOPLIST_FILE = "Pomodoro-Timer-Info.plist";
				INFOPLIST_KEY_LSApplicationCategoryType = "public.app-category.productivity";
				INFOPLIST_KEY_UIApplicationSceneManifest_Generation = YES;
				INFOPLIST_KEY_UIApplicationSupportsIndirectInputEvents = YES;
				INFOPLIST_KEY_UILaunchScreen_Generation = YES;
				INFOPLIST_KEY_UISupportedInterfaceOrientations_iPad = "UIInterfaceOrientationPortrait UIInterfaceOrientationPortraitUpsideDown UIInterfaceOrientationLandscapeLeft UIInterfaceOrientationLandscapeRight";
				INFOPLIST_KEY_UISupportedInterfaceOrientations_iPhone = "UIInterfaceOrientationPortrait UIInterfaceOrientationLandscapeLeft UIInterfaceOrientationLandscapeRight";
				IPHONEOS_DEPLOYMENT_TARGET = 15.0;
				LD_RUNPATH_SEARCH_PATHS = (
					"$(inherited)",
					"@executable_path/Frameworks",
				);
				MARKETING_VERSION = 1.0;
				PRODUCT_BUNDLE_IDENTIFIER = com.rohan.pomodorofocustimer;
				PRODUCT_NAME = "$(TARGET_NAME)";
				PROVISIONING_PROFILE_SPECIFIER = "";
				SUPPORTED_PLATFORMS = "iphoneos iphonesimulator";
				SUPPORTS_MACCATALYST = NO;
				SUPPORTS_MAC_DESIGNED_FOR_IPHONE_IPAD = NO;
				SWIFT_EMIT_LOC_STRINGS = YES;
				SWIFT_VERSION = 5.0;
				TARGETED_DEVICE_FAMILY = "1,2";
			};
			name = Debug;
		};
		1C137C202AC87E9D00A7333D /* Release */ = {
			isa = XCBuildConfiguration;
			buildSettings = {
				ASSETCATALOG_COMPILER_APPICON_NAME = AppIcon;
				ASSETCATALOG_COMPILER_GLOBAL_ACCENT_COLOR_NAME = AccentColor;
				CODE_SIGN_IDENTITY = "Apple Development";
				CODE_SIGN_STYLE = Automatic;
				CURRENT_PROJECT_VERSION = 1;
				DEVELOPMENT_ASSET_PATHS = "\"Pomodoro Timer/Preview Content\"";
				DEVELOPMENT_TEAM = GR7YG9NN38;
				ENABLE_PREVIEWS = YES;
				GENERATE_INFOPLIST_FILE = YES;
				INFOPLIST_FILE = "Pomodoro-Timer-Info.plist";
				INFOPLIST_KEY_LSApplicationCategoryType = "public.app-category.productivity";
				INFOPLIST_KEY_UIApplicationSceneManifest_Generation = YES;
				INFOPLIST_KEY_UIApplicationSupportsIndirectInputEvents = YES;
				INFOPLIST_KEY_UILaunchScreen_Generation = YES;
				INFOPLIST_KEY_UISupportedInterfaceOrientations_iPad = "UIInterfaceOrientationPortrait UIInterfaceOrientationPortraitUpsideDown UIInterfaceOrientationLandscapeLeft UIInterfaceOrientationLandscapeRight";
				INFOPLIST_KEY_UISupportedInterfaceOrientations_iPhone = "UIInterfaceOrientationPortrait UIInterfaceOrientationLandscapeLeft UIInterfaceOrientationLandscapeRight";
				IPHONEOS_DEPLOYMENT_TARGET = 15.0;
				LD_RUNPATH_SEARCH_PATHS = (
					"$(inherited)",
					"@executable_path/Frameworks",
				);
				MARKETING_VERSION = 1.0;
				PRODUCT_BUNDLE_IDENTIFIER = com.rohan.pomodorofocustimer;
				PRODUCT_NAME = "$(TARGET_NAME)";
				PROVISIONING_PROFILE_SPECIFIER = "";
				SUPPORTED_PLATFORMS = "iphoneos iphonesimulator";
				SUPPORTS_MACCATALYST = NO;
				SUPPORTS_MAC_DESIGNED_FOR_IPHONE_IPAD = NO;
				SWIFT_EMIT_LOC_STRINGS = YES;
				SWIFT_VERSION = 5.0;
				TARGETED_DEVICE_FAMILY = "1,2";
			};
			name = Release;
		};
/* End XCBuildConfiguration section */

/* Begin XCConfigurationList section */
		1C137C0B2AC87E9C00A7333D /* Build configuration list for PBXProject "Pomodoro Timer" */ = {
			isa = XCConfigurationList;
			buildConfigurations = (
				1C137C1C2AC87E9D00A7333D /* Debug */,
				1C137C1D2AC87E9D00A7333D /* Release */,
			);
			defaultConfigurationIsVisible = 0;
			defaultConfigurationName = Release;
		};
		1C137C1E2AC87E9D00A7333D /* Build configuration list for PBXNativeTarget "Pomodoro Timer" */ = {
			isa = XCConfigurationList;
			buildConfigurations = (
				1C137C1F2AC87E9D00A7333D /* Debug */,
				1C137C202AC87E9D00A7333D /* Release */,
			);
			defaultConfigurationIsVisible = 0;
			defaultConfigurationName = Release;
		};
/* End XCConfigurationList section */
	};
	rootObject = 1C137C082AC87E9C00A7333D /* Project object */;
}
